
Microsoft Visual Studio Solution File, Format Version 12.00
# Visual Studio Version 16
VisualStudioVersion = 16.0.31105.61
MinimumVisualStudioVersion = 10.0.40219.1
Project("{FAE04EC0-301F-11D3-BF4B-00C04F79EFBC}") = "Gingerbread", "Gingerbread.csproj", "{43ED6E6A-8906-42B0-ADB9-139102D5F434}"
EndProject
Global
	GlobalSection(SolutionConfigurationPlatforms) = preSolution
		Debug|Any CPU = Debug|Any CPU
		Release|Any CPU = Release|Any CPU
	EndGlobalSection
	GlobalSection(ProjectConfigurationPlatforms) = postSolution
		{43ED6E6A-8906-42B0-ADB9-139102D5F434}.Debug|Any CPU.ActiveCfg = Debug|Any CPU
		{43ED6E6A-8906-42B0-ADB9-139102D5F434}.Debug|Any CPU.Build.0 = Debug|Any CPU
		{43ED6E6A-8906-42B0-ADB9-139102D5F434}.Release|Any CPU.ActiveCfg = Release|Any CPU
		{43ED6E6A-8906-42B0-ADB9-139102D5F434}.Release|Any CPU.Build.0 = Release|Any CPU
	EndGlobalSection
	GlobalSection(SolutionProperties) = preSolution
		HideSolutionNode = FALSE
	EndGlobalSection
	GlobalSection(ExtensibilityGlobals) = postSolution
		SolutionGuid = {62C3DAEF-3821-4EEB-957B-FA5C1689620E}
	EndGlobalSection
EndGlobal
